
Microsoft Visual Studio Solution File, Format Version 12.00
# Visual Studio 15
VisualStudioVersion = 15.0.27004.2005
MinimumVisualStudioVersion = 10.0.40219.1
Project("{FAE04EC0-301F-11D3-BF4B-00C04F79EFBC}") = "HelloPullRequest", "HelloPullRequest.csproj", "{92E48A69-73C7-4687-9860-DAEF6C91B373}"
EndProject
Project("{FAE04EC0-301F-11D3-BF4B-00C04F79EFBC}") = "UnitTestProject1", "..\UnitTestProject1\UnitTestProject1.csproj", "{D1373207-2C24-44DE-8EFF-D10CB34B15A4}"
EndProject
Global
	GlobalSection(SolutionConfigurationPlatforms) = preSolution
		Debug|Any CPU = Debug|Any CPU
		Release|Any CPU = Release|Any CPU
	EndGlobalSection
	GlobalSection(ProjectConfigurationPlatforms) = postSolution
		{92E48A69-73C7-4687-9860-DAEF6C91B373}.Debug|Any CPU.ActiveCfg = Debug|Any CPU
		{92E48A69-73C7-4687-9860-DAEF6C91B373}.Debug|Any CPU.Build.0 = Debug|Any CPU
		{92E48A69-73C7-4687-9860-DAEF6C91B373}.Release|Any CPU.ActiveCfg = Release|Any CPU
		{92E48A69-73C7-4687-9860-DAEF6C91B373}.Release|Any CPU.Build.0 = Release|Any CPU
		{D1373207-2C24-44DE-8EFF-D10CB34B15A4}.Debug|Any CPU.ActiveCfg = Debug|Any CPU
		{D1373207-2C24-44DE-8EFF-D10CB34B15A4}.Debug|Any CPU.Build.0 = Debug|Any CPU
		{D1373207-2C24-44DE-8EFF-D10CB34B15A4}.Release|Any CPU.ActiveCfg = Release|Any CPU
		{D1373207-2C24-44DE-8EFF-D10CB34B15A4}.Release|Any CPU.Build.0 = Release|Any CPU
	EndGlobalSection
	GlobalSection(SolutionProperties) = preSolution
		HideSolutionNode = FALSE
	EndGlobalSection
	GlobalSection(ExtensibilityGlobals) = postSolution
		SolutionGuid = {B62539C9-649C-45FD-AD84-4EB690DDF057}
	EndGlobalSection
EndGlobal
